
Microsoft Visual Studio Solution File, Format Version 12.00
# Visual Studio Version 16
VisualStudioVersion = 16.0.29728.190
MinimumVisualStudioVersion = 10.0.40219.1
Project("{FAE04EC0-301F-11D3-BF4B-00C04F79EFBC}") = "AbstractFactoryHW", "AbstractFactoryHW\AbstractFactoryHW.csproj", "{E66CBC4B-6AD9-4052-A268-DE9643A4218C}"
EndProject
Global
	GlobalSection(SolutionConfigurationPlatforms) = preSolution
		Debug|Any CPU = Debug|Any CPU
		Release|Any CPU = Release|Any CPU
	EndGlobalSection
	GlobalSection(ProjectConfigurationPlatforms) = postSolution
		{E66CBC4B-6AD9-4052-A268-DE9643A4218C}.Debug|Any CPU.ActiveCfg = Debug|Any CPU
		{E66CBC4B-6AD9-4052-A268-DE9643A4218C}.Debug|Any CPU.Build.0 = Debug|Any CPU
		{E66CBC4B-6AD9-4052-A268-DE9643A4218C}.Release|Any CPU.ActiveCfg = Release|Any CPU
		{E66CBC4B-6AD9-4052-A268-DE9643A4218C}.Release|Any CPU.Build.0 = Release|Any CPU
	EndGlobalSection
	GlobalSection(SolutionProperties) = preSolution
		HideSolutionNode = FALSE
	EndGlobalSection
	GlobalSection(ExtensibilityGlobals) = postSolution
		SolutionGuid = {E5E999CC-640A-4094-8BE5-CB89B198CE1E}
	EndGlobalSection
EndGlobal
